
Microsoft Visual Studio Solution File, Format Version 12.00
# Visual Studio Version 17
VisualStudioVersion = 17.14.36408.4 d17.14
MinimumVisualStudioVersion = 10.0.40219.1
Project("{FAE04EC0-301F-11D3-BF4B-00C04F79EFBC}") = "GestionEmpleados", "GestionEmpleados.csproj", "{FA8BAD7D-485F-432B-A6C2-4C25A387739C}"
EndProject
Global
	GlobalSection(SolutionConfigurationPlatforms) = preSolution
		Debug|Any CPU = Debug|Any CPU
		Release|Any CPU = Release|Any CPU
	EndGlobalSection
	GlobalSection(ProjectConfigurationPlatforms) = postSolution
		{FA8BAD7D-485F-432B-A6C2-4C25A387739C}.Debug|Any CPU.ActiveCfg = Debug|Any CPU
		{FA8BAD7D-485F-432B-A6C2-4C25A387739C}.Debug|Any CPU.Build.0 = Debug|Any CPU
		{FA8BAD7D-485F-432B-A6C2-4C25A387739C}.Release|Any CPU.ActiveCfg = Release|Any CPU
		{FA8BAD7D-485F-432B-A6C2-4C25A387739C}.Release|Any CPU.Build.0 = Release|Any CPU
	EndGlobalSection
	GlobalSection(SolutionProperties) = preSolution
		HideSolutionNode = FALSE
	EndGlobalSection
	GlobalSection(ExtensibilityGlobals) = postSolution
		SolutionGuid = {7667304B-9F12-4060-92EF-A2AA1301212D}
	EndGlobalSection
EndGlobal
